
Microsoft Visual Studio Solution File, Format Version 12.00
# Visual Studio Version 17
VisualStudioVersion = 17.7.34031.279
MinimumVisualStudioVersion = 10.0.40219.1
Project("{F184B08F-C81C-45F6-A57F-5ABD9991F28F}") = "while-coba", "while-coba.vbproj", "{A2A33F39-E1EF-417A-ADEC-95112A16912E}"
EndProject
Global
	GlobalSection(SolutionConfigurationPlatforms) = preSolution
		Debug|Any CPU = Debug|Any CPU
		Release|Any CPU = Release|Any CPU
	EndGlobalSection
	GlobalSection(ProjectConfigurationPlatforms) = postSolution
		{A2A33F39-E1EF-417A-ADEC-95112A16912E}.Debug|Any CPU.ActiveCfg = Debug|Any CPU
		{A2A33F39-E1EF-417A-ADEC-95112A16912E}.Debug|Any CPU.Build.0 = Debug|Any CPU
		{A2A33F39-E1EF-417A-ADEC-95112A16912E}.Release|Any CPU.ActiveCfg = Release|Any CPU
		{A2A33F39-E1EF-417A-ADEC-95112A16912E}.Release|Any CPU.Build.0 = Release|Any CPU
	EndGlobalSection
	GlobalSection(SolutionProperties) = preSolution
		HideSolutionNode = FALSE
	EndGlobalSection
	GlobalSection(ExtensibilityGlobals) = postSolution
		SolutionGuid = {2088BEB7-C535-4F6E-8256-B04438EFECEC}
	EndGlobalSection
EndGlobal
