
Microsoft Visual Studio Solution File, Format Version 12.00
# Visual Studio Version 17
VisualStudioVersion = 17.7.34031.279
MinimumVisualStudioVersion = 10.0.40219.1
Project("{F184B08F-C81C-45F6-A57F-5ABD9991F28F}") = "kalkulator-trial", "kalkulator-trial.vbproj", "{BD887225-8C16-40F7-887E-6DB534290C3F}"
EndProject
Global
	GlobalSection(SolutionConfigurationPlatforms) = preSolution
		Debug|Any CPU = Debug|Any CPU
		Release|Any CPU = Release|Any CPU
	EndGlobalSection
	GlobalSection(ProjectConfigurationPlatforms) = postSolution
		{BD887225-8C16-40F7-887E-6DB534290C3F}.Debug|Any CPU.ActiveCfg = Debug|Any CPU
		{BD887225-8C16-40F7-887E-6DB534290C3F}.Debug|Any CPU.Build.0 = Debug|Any CPU
		{BD887225-8C16-40F7-887E-6DB534290C3F}.Release|Any CPU.ActiveCfg = Release|Any CPU
		{BD887225-8C16-40F7-887E-6DB534290C3F}.Release|Any CPU.Build.0 = Release|Any CPU
	EndGlobalSection
	GlobalSection(SolutionProperties) = preSolution
		HideSolutionNode = FALSE
	EndGlobalSection
	GlobalSection(ExtensibilityGlobals) = postSolution
		SolutionGuid = {144AC168-F523-483B-8CF7-F8DBD393E3FE}
	EndGlobalSection
EndGlobal
